
Microsoft Visual Studio Solution File, Format Version 12.00
# Visual Studio Version 17
VisualStudioVersion = 17.8.34330.188
MinimumVisualStudioVersion = 10.0.40219.1
Project("{2150E333-8FDC-42A3-9474-1A3956D46DE8}") = "MusicManagement", "MusicManagement", "{2E9520D3-CCC3-4202-9392-C83AA76B0215}"
EndProject
Project("{2150E333-8FDC-42A3-9474-1A3956D46DE8}") = "MM.Domain", "MM.Domain", "{9883A1C9-64EB-4737-B28B-2F1AE023FC4C}"
EndProject
Project("{2150E333-8FDC-42A3-9474-1A3956D46DE8}") = "MM.Application", "MM.Application", "{70D84CC7-4040-4892-8014-B36E06D2018C}"
EndProject
Project("{2150E333-8FDC-42A3-9474-1A3956D46DE8}") = "MM.Infrastructure", "MM.Infrastructure", "{D7B870A8-7C48-4A89-963C-DE26200D3836}"
EndProject
Project("{9A19103F-16F7-4668-BE54-9A1E7A4F7556}") = "MusicManagement.Domain", "MusicManagement.Domain\MusicManagement.Domain.csproj", "{EE556DAE-39BD-4B3A-BBC2-D597B7B42BC3}"
EndProject
Project("{9A19103F-16F7-4668-BE54-9A1E7A4F7556}") = "MusicManagement.Infrastructure.EfCore", "MusicManagement.Infrastructure.EfCore\MusicManagement.Infrastructure.EfCore.csproj", "{DE7D712C-264B-4743-9688-D74D345481D4}"
EndProject
Project("{9A19103F-16F7-4668-BE54-9A1E7A4F7556}") = "Framework", "Framework\Framework.csproj", "{43E10DB6-D40D-4742-9BD9-19D881A43F91}"
EndProject
Project("{9A19103F-16F7-4668-BE54-9A1E7A4F7556}") = "MusicManagement.Application.Contracts", "MusicManagement.Application.Contracts\MusicManagement.Application.Contracts.csproj", "{01DD985A-5D56-4BAD-BC7B-6F008AF3CB60}"
EndProject
Project("{9A19103F-16F7-4668-BE54-9A1E7A4F7556}") = "MusicManagement.Application", "MusicManagement.Application\MusicManagement.Application.csproj", "{D6A99429-8748-4B17-850C-6580D4E43A22}"
EndProject
Project("{9A19103F-16F7-4668-BE54-9A1E7A4F7556}") = "ServiceHost", "ServiceHost\ServiceHost.csproj", "{20FA0EFE-003F-4749-AB4D-03559684D533}"
EndProject
Project("{9A19103F-16F7-4668-BE54-9A1E7A4F7556}") = "MusicManagement.Infrastructure.Config", "MusicManagement.Infrastructure.Config\MusicManagement.Infrastructure.Config.csproj", "{1648C9C1-FAC0-4AB0-BA27-6E4A3460189B}"
EndProject
Project("{2150E333-8FDC-42A3-9474-1A3956D46DE8}") = "ArticleManagement", "ArticleManagement", "{329CDD24-2D26-4D9B-BC12-4BE1F113D9FC}"
EndProject
Project("{2150E333-8FDC-42A3-9474-1A3956D46DE8}") = "AM.Domain", "AM.Domain", "{5C09A470-624E-4662-AC02-AA1E2100AF90}"
EndProject
Project("{2150E333-8FDC-42A3-9474-1A3956D46DE8}") = "AM.Application", "AM.Application", "{D54F38D7-B800-430B-A48E-C429296DDECC}"
EndProject
Project("{2150E333-8FDC-42A3-9474-1A3956D46DE8}") = "AM.Infrastructure", "AM.Infrastructure", "{9C2B3DF0-492B-4A36-AA35-2BDA82FDCBF4}"
EndProject
Project("{9A19103F-16F7-4668-BE54-9A1E7A4F7556}") = "ArticleManagement.Domain", "ArticleManagement.Domain\ArticleManagement.Domain.csproj", "{A74F690B-8313-427D-A1F0-3073CFCF8B49}"
EndProject
Project("{9A19103F-16F7-4668-BE54-9A1E7A4F7556}") = "ArticleManagement.Infrastructure.EfCore", "ArticleManagement.Infrastructure.EfCore\ArticleManagement.Infrastructure.EfCore.csproj", "{4A703A9A-0B39-4C4C-861A-3140F58E11CB}"
EndProject
Project("{FAE04EC0-301F-11D3-BF4B-00C04F79EFBC}") = "ArticleManagement.Application.Contracts", "ArticleManagement.Application.Contracts\ArticleManagement.Application.Contracts.csproj", "{965FC6E1-9705-4464-9666-35D93616F078}"
EndProject
Project("{FAE04EC0-301F-11D3-BF4B-00C04F79EFBC}") = "ArticleManagement.Application", "ArticleManagement.Application\ArticleManagement.Application.csproj", "{90C84BB4-72DA-48E9-9B4A-3E1E94F9F998}"
EndProject
Project("{FAE04EC0-301F-11D3-BF4B-00C04F79EFBC}") = "ArticleManagement.Infrastructure.Config", "ArticleManagement.Infrastructure.Config\ArticleManagement.Infrastructure.Config.csproj", "{3EE73284-F327-473C-B6BB-73B97DFE2B12}"
EndProject
Global
	GlobalSection(SolutionConfigurationPlatforms) = preSolution
		Debug|Any CPU = Debug|Any CPU
		Release|Any CPU = Release|Any CPU
	EndGlobalSection
	GlobalSection(ProjectConfigurationPlatforms) = postSolution
		{EE556DAE-39BD-4B3A-BBC2-D597B7B42BC3}.Debug|Any CPU.ActiveCfg = Debug|Any CPU
		{EE556DAE-39BD-4B3A-BBC2-D597B7B42BC3}.Debug|Any CPU.Build.0 = Debug|Any CPU
		{EE556DAE-39BD-4B3A-BBC2-D597B7B42BC3}.Release|Any CPU.ActiveCfg = Release|Any CPU
		{EE556DAE-39BD-4B3A-BBC2-D597B7B42BC3}.Release|Any CPU.Build.0 = Release|Any CPU
		{DE7D712C-264B-4743-9688-D74D345481D4}.Debug|Any CPU.ActiveCfg = Debug|Any CPU
		{DE7D712C-264B-4743-9688-D74D345481D4}.Debug|Any CPU.Build.0 = Debug|Any CPU
		{DE7D712C-264B-4743-9688-D74D345481D4}.Release|Any CPU.ActiveCfg = Release|Any CPU
		{DE7D712C-264B-4743-9688-D74D345481D4}.Release|Any CPU.Build.0 = Release|Any CPU
		{43E10DB6-D40D-4742-9BD9-19D881A43F91}.Debug|Any CPU.ActiveCfg = Debug|Any CPU
		{43E10DB6-D40D-4742-9BD9-19D881A43F91}.Debug|Any CPU.Build.0 = Debug|Any CPU
		{43E10DB6-D40D-4742-9BD9-19D881A43F91}.Release|Any CPU.ActiveCfg = Release|Any CPU
		{43E10DB6-D40D-4742-9BD9-19D881A43F91}.Release|Any CPU.Build.0 = Release|Any CPU
		{01DD985A-5D56-4BAD-BC7B-6F008AF3CB60}.Debug|Any CPU.ActiveCfg = Debug|Any CPU
		{01DD985A-5D56-4BAD-BC7B-6F008AF3CB60}.Debug|Any CPU.Build.0 = Debug|Any CPU
		{01DD985A-5D56-4BAD-BC7B-6F008AF3CB60}.Release|Any CPU.ActiveCfg = Release|Any CPU
		{01DD985A-5D56-4BAD-BC7B-6F008AF3CB60}.Release|Any CPU.Build.0 = Release|Any CPU
		{D6A99429-8748-4B17-850C-6580D4E43A22}.Debug|Any CPU.ActiveCfg = Debug|Any CPU
		{D6A99429-8748-4B17-850C-6580D4E43A22}.Debug|Any CPU.Build.0 = Debug|Any CPU
		{D6A99429-8748-4B17-850C-6580D4E43A22}.Release|Any CPU.ActiveCfg = Release|Any CPU
		{D6A99429-8748-4B17-850C-6580D4E43A22}.Release|Any CPU.Build.0 = Release|Any CPU
		{20FA0EFE-003F-4749-AB4D-03559684D533}.Debug|Any CPU.ActiveCfg = Debug|Any CPU
		{20FA0EFE-003F-4749-AB4D-03559684D533}.Debug|Any CPU.Build.0 = Debug|Any CPU
		{20FA0EFE-003F-4749-AB4D-03559684D533}.Release|Any CPU.ActiveCfg = Release|Any CPU
		{20FA0EFE-003F-4749-AB4D-03559684D533}.Release|Any CPU.Build.0 = Release|Any CPU
		{1648C9C1-FAC0-4AB0-BA27-6E4A3460189B}.Debug|Any CPU.ActiveCfg = Debug|Any CPU
		{1648C9C1-FAC0-4AB0-BA27-6E4A3460189B}.Debug|Any CPU.Build.0 = Debug|Any CPU
		{1648C9C1-FAC0-4AB0-BA27-6E4A3460189B}.Release|Any CPU.ActiveCfg = Release|Any CPU
		{1648C9C1-FAC0-4AB0-BA27-6E4A3460189B}.Release|Any CPU.Build.0 = Release|Any CPU
		{A74F690B-8313-427D-A1F0-3073CFCF8B49}.Debug|Any CPU.ActiveCfg = Debug|Any CPU
		{A74F690B-8313-427D-A1F0-3073CFCF8B49}.Debug|Any CPU.Build.0 = Debug|Any CPU
		{A74F690B-8313-427D-A1F0-3073CFCF8B49}.Release|Any CPU.ActiveCfg = Release|Any CPU
		{A74F690B-8313-427D-A1F0-3073CFCF8B49}.Release|Any CPU.Build.0 = Release|Any CPU
		{4A703A9A-0B39-4C4C-861A-3140F58E11CB}.Debug|Any CPU.ActiveCfg = Debug|Any CPU
		{4A703A9A-0B39-4C4C-861A-3140F58E11CB}.Debug|Any CPU.Build.0 = Debug|Any CPU
		{4A703A9A-0B39-4C4C-861A-3140F58E11CB}.Release|Any CPU.ActiveCfg = Release|Any CPU
		{4A703A9A-0B39-4C4C-861A-3140F58E11CB}.Release|Any CPU.Build.0 = Release|Any CPU
		{965FC6E1-9705-4464-9666-35D93616F078}.Debug|Any CPU.ActiveCfg = Debug|Any CPU
		{965FC6E1-9705-4464-9666-35D93616F078}.Debug|Any CPU.Build.0 = Debug|Any CPU
		{965FC6E1-9705-4464-9666-35D93616F078}.Release|Any CPU.ActiveCfg = Release|Any CPU
		{965FC6E1-9705-4464-9666-35D93616F078}.Release|Any CPU.Build.0 = Release|Any CPU
		{90C84BB4-72DA-48E9-9B4A-3E1E94F9F998}.Debug|Any CPU.ActiveCfg = Debug|Any CPU
		{90C84BB4-72DA-48E9-9B4A-3E1E94F9F998}.Debug|Any CPU.Build.0 = Debug|Any CPU
		{90C84BB4-72DA-48E9-9B4A-3E1E94F9F998}.Release|Any CPU.ActiveCfg = Release|Any CPU
		{90C84BB4-72DA-48E9-9B4A-3E1E94F9F998}.Release|Any CPU.Build.0 = Release|Any CPU
		{3EE73284-F327-473C-B6BB-73B97DFE2B12}.Debug|Any CPU.ActiveCfg = Debug|Any CPU
		{3EE73284-F327-473C-B6BB-73B97DFE2B12}.Debug|Any CPU.Build.0 = Debug|Any CPU
		{3EE73284-F327-473C-B6BB-73B97DFE2B12}.Release|Any CPU.ActiveCfg = Release|Any CPU
		{3EE73284-F327-473C-B6BB-73B97DFE2B12}.Release|Any CPU.Build.0 = Release|Any CPU
	EndGlobalSection
	GlobalSection(SolutionProperties) = preSolution
		HideSolutionNode = FALSE
	EndGlobalSection
	GlobalSection(NestedProjects) = preSolution
		{9883A1C9-64EB-4737-B28B-2F1AE023FC4C} = {2E9520D3-CCC3-4202-9392-C83AA76B0215}
		{70D84CC7-4040-4892-8014-B36E06D2018C} = {2E9520D3-CCC3-4202-9392-C83AA76B0215}
		{D7B870A8-7C48-4A89-963C-DE26200D3836} = {2E9520D3-CCC3-4202-9392-C83AA76B0215}
		{EE556DAE-39BD-4B3A-BBC2-D597B7B42BC3} = {9883A1C9-64EB-4737-B28B-2F1AE023FC4C}
		{DE7D712C-264B-4743-9688-D74D345481D4} = {D7B870A8-7C48-4A89-963C-DE26200D3836}
		{01DD985A-5D56-4BAD-BC7B-6F008AF3CB60} = {70D84CC7-4040-4892-8014-B36E06D2018C}
		{D6A99429-8748-4B17-850C-6580D4E43A22} = {70D84CC7-4040-4892-8014-B36E06D2018C}
		{1648C9C1-FAC0-4AB0-BA27-6E4A3460189B} = {D7B870A8-7C48-4A89-963C-DE26200D3836}
		{5C09A470-624E-4662-AC02-AA1E2100AF90} = {329CDD24-2D26-4D9B-BC12-4BE1F113D9FC}
		{D54F38D7-B800-430B-A48E-C429296DDECC} = {329CDD24-2D26-4D9B-BC12-4BE1F113D9FC}
		{9C2B3DF0-492B-4A36-AA35-2BDA82FDCBF4} = {329CDD24-2D26-4D9B-BC12-4BE1F113D9FC}
		{A74F690B-8313-427D-A1F0-3073CFCF8B49} = {5C09A470-624E-4662-AC02-AA1E2100AF90}
		{4A703A9A-0B39-4C4C-861A-3140F58E11CB} = {9C2B3DF0-492B-4A36-AA35-2BDA82FDCBF4}
		{965FC6E1-9705-4464-9666-35D93616F078} = {D54F38D7-B800-430B-A48E-C429296DDECC}
		{90C84BB4-72DA-48E9-9B4A-3E1E94F9F998} = {D54F38D7-B800-430B-A48E-C429296DDECC}
		{3EE73284-F327-473C-B6BB-73B97DFE2B12} = {9C2B3DF0-492B-4A36-AA35-2BDA82FDCBF4}
	EndGlobalSection
	GlobalSection(ExtensibilityGlobals) = postSolution
		SolutionGuid = {33968188-7FB2-4C58-BCA9-7194B7CCC035}
	EndGlobalSection
EndGlobal
