
Microsoft Visual Studio Solution File, Format Version 12.00
# Visual Studio Version 17
VisualStudioVersion = 17.8.34330.188
MinimumVisualStudioVersion = 10.0.40219.1
Project("{2150E333-8FDC-42A3-9474-1A3956D46DE8}") = "MusicManagement", "MusicManagement", "{2E9520D3-CCC3-4202-9392-C83AA76B0215}"
EndProject
Project("{2150E333-8FDC-42A3-9474-1A3956D46DE8}") = "MM.Domain", "MM.Domain", "{9883A1C9-64EB-4737-B28B-2F1AE023FC4C}"
EndProject
Project("{2150E333-8FDC-42A3-9474-1A3956D46DE8}") = "MM.Application", "MM.Application", "{70D84CC7-4040-4892-8014-B36E06D2018C}"
EndProject
Project("{2150E333-8FDC-42A3-9474-1A3956D46DE8}") = "MM.Infrastructure", "MM.Infrastructure", "{D7B870A8-7C48-4A89-963C-DE26200D3836}"
EndProject
Project("{9A19103F-16F7-4668-BE54-9A1E7A4F7556}") = "MusicManagement.Domain", "MusicManagement.Domain\MusicManagement.Domain.csproj", "{EE556DAE-39BD-4B3A-BBC2-D597B7B42BC3}"
EndProject
Project("{9A19103F-16F7-4668-BE54-9A1E7A4F7556}") = "MusicManagement.Infrastructure.EfCore", "MusicManagement.Infrastructure.EfCore\MusicManagement.Infrastructure.EfCore.csproj", "{DE7D712C-264B-4743-9688-D74D345481D4}"
EndProject
Project("{9A19103F-16F7-4668-BE54-9A1E7A4F7556}") = "Framework", "Framework\Framework.csproj", "{43E10DB6-D40D-4742-9BD9-19D881A43F91}"
EndProject
Project("{FAE04EC0-301F-11D3-BF4B-00C04F79EFBC}") = "MusicManagement.Application.Contracts", "MusicManagement.Application.Contracts\MusicManagement.Application.Contracts.csproj", "{01DD985A-5D56-4BAD-BC7B-6F008AF3CB60}"
EndProject
Global
	GlobalSection(SolutionConfigurationPlatforms) = preSolution
		Debug|Any CPU = Debug|Any CPU
		Release|Any CPU = Release|Any CPU
	EndGlobalSection
	GlobalSection(ProjectConfigurationPlatforms) = postSolution
		{EE556DAE-39BD-4B3A-BBC2-D597B7B42BC3}.Debug|Any CPU.ActiveCfg = Debug|Any CPU
		{EE556DAE-39BD-4B3A-BBC2-D597B7B42BC3}.Debug|Any CPU.Build.0 = Debug|Any CPU
		{EE556DAE-39BD-4B3A-BBC2-D597B7B42BC3}.Release|Any CPU.ActiveCfg = Release|Any CPU
		{EE556DAE-39BD-4B3A-BBC2-D597B7B42BC3}.Release|Any CPU.Build.0 = Release|Any CPU
		{DE7D712C-264B-4743-9688-D74D345481D4}.Debug|Any CPU.ActiveCfg = Debug|Any CPU
		{DE7D712C-264B-4743-9688-D74D345481D4}.Debug|Any CPU.Build.0 = Debug|Any CPU
		{DE7D712C-264B-4743-9688-D74D345481D4}.Release|Any CPU.ActiveCfg = Release|Any CPU
		{DE7D712C-264B-4743-9688-D74D345481D4}.Release|Any CPU.Build.0 = Release|Any CPU
		{43E10DB6-D40D-4742-9BD9-19D881A43F91}.Debug|Any CPU.ActiveCfg = Debug|Any CPU
		{43E10DB6-D40D-4742-9BD9-19D881A43F91}.Debug|Any CPU.Build.0 = Debug|Any CPU
		{43E10DB6-D40D-4742-9BD9-19D881A43F91}.Release|Any CPU.ActiveCfg = Release|Any CPU
		{43E10DB6-D40D-4742-9BD9-19D881A43F91}.Release|Any CPU.Build.0 = Release|Any CPU
		{01DD985A-5D56-4BAD-BC7B-6F008AF3CB60}.Debug|Any CPU.ActiveCfg = Debug|Any CPU
		{01DD985A-5D56-4BAD-BC7B-6F008AF3CB60}.Debug|Any CPU.Build.0 = Debug|Any CPU
		{01DD985A-5D56-4BAD-BC7B-6F008AF3CB60}.Release|Any CPU.ActiveCfg = Release|Any CPU
		{01DD985A-5D56-4BAD-BC7B-6F008AF3CB60}.Release|Any CPU.Build.0 = Release|Any CPU
	EndGlobalSection
	GlobalSection(SolutionProperties) = preSolution
		HideSolutionNode = FALSE
	EndGlobalSection
	GlobalSection(NestedProjects) = preSolution
		{9883A1C9-64EB-4737-B28B-2F1AE023FC4C} = {2E9520D3-CCC3-4202-9392-C83AA76B0215}
		{70D84CC7-4040-4892-8014-B36E06D2018C} = {2E9520D3-CCC3-4202-9392-C83AA76B0215}
		{D7B870A8-7C48-4A89-963C-DE26200D3836} = {2E9520D3-CCC3-4202-9392-C83AA76B0215}
		{EE556DAE-39BD-4B3A-BBC2-D597B7B42BC3} = {9883A1C9-64EB-4737-B28B-2F1AE023FC4C}
		{DE7D712C-264B-4743-9688-D74D345481D4} = {D7B870A8-7C48-4A89-963C-DE26200D3836}
		{01DD985A-5D56-4BAD-BC7B-6F008AF3CB60} = {70D84CC7-4040-4892-8014-B36E06D2018C}
	EndGlobalSection
	GlobalSection(ExtensibilityGlobals) = postSolution
		SolutionGuid = {33968188-7FB2-4C58-BCA9-7194B7CCC035}
	EndGlobalSection
EndGlobal
